
Microsoft Visual Studio Solution File, Format Version 12.00
# Visual Studio Version 17
VisualStudioVersion = 17.7.34221.43
MinimumVisualStudioVersion = 10.0.40219.1
Project("{FAE04EC0-301F-11D3-BF4B-00C04F79EFBC}") = "Trabalho 4°Bimestre", "Trabalho 4°Bimestre\Trabalho 4°Bimestre.csproj", "{191EB01C-DC70-4077-BA37-B8A1F21D6BA1}"
EndProject
Global
	GlobalSection(SolutionConfigurationPlatforms) = preSolution
		Debug|Any CPU = Debug|Any CPU
		Release|Any CPU = Release|Any CPU
	EndGlobalSection
	GlobalSection(ProjectConfigurationPlatforms) = postSolution
		{191EB01C-DC70-4077-BA37-B8A1F21D6BA1}.Debug|Any CPU.ActiveCfg = Debug|Any CPU
		{191EB01C-DC70-4077-BA37-B8A1F21D6BA1}.Debug|Any CPU.Build.0 = Debug|Any CPU
		{191EB01C-DC70-4077-BA37-B8A1F21D6BA1}.Release|Any CPU.ActiveCfg = Release|Any CPU
		{191EB01C-DC70-4077-BA37-B8A1F21D6BA1}.Release|Any CPU.Build.0 = Release|Any CPU
	EndGlobalSection
	GlobalSection(SolutionProperties) = preSolution
		HideSolutionNode = FALSE
	EndGlobalSection
	GlobalSection(ExtensibilityGlobals) = postSolution
		SolutionGuid = {4F8C96D1-8CB3-4C7C-AA3D-8CBF6362C49E}
	EndGlobalSection
EndGlobal
